
Microsoft Visual Studio Solution File, Format Version 12.00
# Visual Studio 15
VisualStudioVersion = 15.0.28307.1738
MinimumVisualStudioVersion = 10.0.40219.1
Project("{FAE04EC0-301F-11D3-BF4B-00C04F79EFBC}") = "BotServerTest", "BotServerTest\BotServerTest.csproj", "{D66872D1-711B-4C86-9C6B-25EEA2883410}"
EndProject
Global
	GlobalSection(SolutionConfigurationPlatforms) = preSolution
		Debug|Any CPU = Debug|Any CPU
		Release|Any CPU = Release|Any CPU
	EndGlobalSection
	GlobalSection(ProjectConfigurationPlatforms) = postSolution
		{D66872D1-711B-4C86-9C6B-25EEA2883410}.Debug|Any CPU.ActiveCfg = Debug|Any CPU
		{D66872D1-711B-4C86-9C6B-25EEA2883410}.Debug|Any CPU.Build.0 = Debug|Any CPU
		{D66872D1-711B-4C86-9C6B-25EEA2883410}.Release|Any CPU.ActiveCfg = Release|Any CPU
		{D66872D1-711B-4C86-9C6B-25EEA2883410}.Release|Any CPU.Build.0 = Release|Any CPU
	EndGlobalSection
	GlobalSection(SolutionProperties) = preSolution
		HideSolutionNode = FALSE
	EndGlobalSection
	GlobalSection(ExtensibilityGlobals) = postSolution
		SolutionGuid = {4AF20EDE-65C4-4289-BE88-BD0D1149E810}
	EndGlobalSection
EndGlobal
